PODS:
  - FlutterMacOS (1.0.0)
  - printing_ffi (0.0.1):
    - FlutterMacOS

DEPENDENCIES:
  - FlutterMacOS (from `Flutter/ephemeral`)
  - printing_ffi (from `Flutter/ephemeral/.symlinks/plugins/printing_ffi/macos`)

EXTERNAL SOURCES:
  FlutterMacOS:
    :path: Flutter/ephemeral
  printing_ffi:
    :path: Flutter/ephemeral/.symlinks/plugins/printing_ffi/macos

SPEC CHECKSUMS:
  FlutterMacOS: d0db08ddef1a9af05a5ec4b724367152bb0500b1
  printing_ffi: 5aa92e9c1061dc3a3105486e7e643c4de6cea31d

PODFILE CHECKSUM: 54d867c82ac51cbd61b565781b9fada492027009

COCOAPODS: 1.16.2
