PODS:
  - FlutterMacOS (1.0.0)
  - printing_ffi (0.0.1):
    - FlutterMacOS

DEPENDENCIES:
  - FlutterMacOS (from `Flutter/ephemeral`)
  - printing_ffi (from `Flutter/ephemeral/.symlinks/plugins/printing_ffi/macos`)

EXTERNAL SOURCES:
  FlutterMacOS:
    :path: Flutter/ephemeral
  printing_ffi:
    :path: Flutter/ephemeral/.symlinks/plugins/printing_ffi/macos

SPEC CHECKSUMS:
  FlutterMacOS: d0db08ddef1a9af05a5ec4b724367152bb0500b1
  printing_ffi: 332ad0bca9f19ea49c61f97a4624eebb43d8559c

PODFILE CHECKSUM: 9ab841ed6d23f85e74d528125910be926728418e

COCOAPODS: 1.16.2
